
Microsoft Visual Studio Solution File, Format Version 12.00
# Visual Studio Version 16
VisualStudioVersion = 16.0.28922.388
MinimumVisualStudioVersion = 10.0.40219.1
Project("{FAE04EC0-301F-11D3-BF4B-00C04F79EFBC}") = "ElectrolessCalculator", "ElectrolessCalculator\ElectrolessCalculator.csproj", "{9E6F5E6B-6299-485D-955C-10F448993E34}"
EndProject
Global
	GlobalSection(SolutionConfigurationPlatforms) = preSolution
		Debug|Any CPU = Debug|Any CPU
		Release|Any CPU = Release|Any CPU
	EndGlobalSection
	GlobalSection(ProjectConfigurationPlatforms) = postSolution
		{9E6F5E6B-6299-485D-955C-10F448993E34}.Debug|Any CPU.ActiveCfg = Debug|Any CPU
		{9E6F5E6B-6299-485D-955C-10F448993E34}.Debug|Any CPU.Build.0 = Debug|Any CPU
		{9E6F5E6B-6299-485D-955C-10F448993E34}.Release|Any CPU.ActiveCfg = Release|Any CPU
		{9E6F5E6B-6299-485D-955C-10F448993E34}.Release|Any CPU.Build.0 = Release|Any CPU
	EndGlobalSection
	GlobalSection(SolutionProperties) = preSolution
		HideSolutionNode = FALSE
	EndGlobalSection
	GlobalSection(ExtensibilityGlobals) = postSolution
		SolutionGuid = {9734DE98-6F5B-4BBC-B7EB-6F6A9CFEB75D}
	EndGlobalSection
EndGlobal
